// !$*UTF8*$!
{
	archiveVersion = 1;
	classes = {
	};
	objectVersion = 46;
	objects = {

/* Begin PBXBuildFile section */
		9A23AA5E1D8E45E20077F37E /* MJRefresh in Resources */ = {isa = PBXBuildFile; fileRef = 9A23AA5D1D8E45E20077F37E /* MJRefresh */; };
		9A23AA901D8E48ED0077F37E /* MJRefreshAutoFooter.m in Sources */ = {isa = PBXBuildFile; fileRef = 9A23AA661D8E48ED0077F37E /* MJRefreshAutoFooter.m */; };
		9A23AA911D8E48ED0077F37E /* MJRefreshBackFooter.m in Sources */ = {isa = PBXBuildFile; fileRef = 9A23AA681D8E48ED0077F37E /* MJRefreshBackFooter.m */; };
		9A23AA921D8E48ED0077F37E /* MJRefreshComponent.m in Sources */ = {isa = PBXBuildFile; fileRef = 9A23AA6A1D8E48ED0077F37E /* MJRefreshComponent.m */; };
		9A23AA931D8E48ED0077F37E /* MJRefreshFooter.m in Sources */ = {isa = PBXBuildFile; fileRef = 9A23AA6C1D8E48ED0077F37E /* MJRefreshFooter.m */; };
		9A23AA941D8E48ED0077F37E /* MJRefreshHeader.m in Sources */ = {isa = PBXBuildFile; fileRef = 9A23AA6E1D8E48ED0077F37E /* MJRefreshHeader.m */; };
		9A23AA951D8E48ED0077F37E /* MJRefreshAutoGifFooter.m in Sources */ = {isa = PBXBuildFile; fileRef = 9A23AA731D8E48ED0077F37E /* MJRefreshAutoGifFooter.m */; };
		9A23AA961D8E48ED0077F37E /* MJRefreshAutoNormalFooter.m in Sources */ = {isa = PBXBuildFile; fileRef = 9A23AA751D8E48ED0077F37E /* MJRefreshAutoNormalFooter.m */; };
		9A23AA971D8E48ED0077F37E /* MJRefreshAutoStateFooter.m in Sources */ = {isa = PBXBuildFile; fileRef = 9A23AA771D8E48ED0077F37E /* MJRefreshAutoStateFooter.m */; };
		9A23AA981D8E48ED0077F37E /* MJRefreshBackGifFooter.m in Sources */ = {isa = PBXBuildFile; fileRef = 9A23AA7A1D8E48ED0077F37E /* MJRefreshBackGifFooter.m */; };
		9A23AA991D8E48ED0077F37E /* MJRefreshBackNormalFooter.m in Sources */ = {isa = PBXBuildFile; fileRef = 9A23AA7C1D8E48ED0077F37E /* MJRefreshBackNormalFooter.m */; };
		9A23AA9A1D8E48ED0077F37E /* MJRefreshBackStateFooter.m in Sources */ = {isa = PBXBuildFile; fileRef = 9A23AA7E1D8E48ED0077F37E /* MJRefreshBackStateFooter.m */; };
		9A23AA9B1D8E48ED0077F37E /* MJRefreshGifHeader.m in Sources */ = {isa = PBXBuildFile; fileRef = 9A23AA811D8E48ED0077F37E /* MJRefreshGifHeader.m */; };
		9A23AA9C1D8E48ED0077F37E /* MJRefreshNormalHeader.m in Sources */ = {isa = PBXBuildFile; fileRef = 9A23AA831D8E48ED0077F37E /* MJRefreshNormalHeader.m */; };
		9A23AA9D1D8E48ED0077F37E /* MJRefreshStateHeader.m in Sources */ = {isa = PBXBuildFile; fileRef = 9A23AA851D8E48ED0077F37E /* MJRefreshStateHeader.m */; };
		9A23AA9E1D8E48ED0077F37E /* MJRefresh.bundle in Resources */ = {isa = PBXBuildFile; fileRef = 9A23AA861D8E48ED0077F37E /* MJRefresh.bundle */; };
		9A23AA9F1D8E48ED0077F37E /* MJRefreshConst.m in Sources */ = {isa = PBXBuildFile; fileRef = 9A23AA891D8E48ED0077F37E /* MJRefreshConst.m */; };
		9A23AAA01D8E48ED0077F37E /* UIScrollView+MJExtension.m in Sources */ = {isa = PBXBuildFile; fileRef = 9A23AA8B1D8E48ED0077F37E /* UIScrollView+MJExtension.m */; };
		9A23AAA11D8E48ED0077F37E /* UIScrollView+MJRefresh.m in Sources */ = {isa = PBXBuildFile; fileRef = 9A23AA8D1D8E48ED0077F37E /* UIScrollView+MJRefresh.m */; };
		9A23AAA21D8E48ED0077F37E /* UIView+MJExtension.m in Sources */ = {isa = PBXBuildFile; fileRef = 9A23AA8F1D8E48ED0077F37E /* UIView+MJExtension.m */; };
		9A2C59AB1D7FB68200BE6EF9 /* QMapSearchKit.framework in Frameworks */ = {isa = PBXBuildFile; fileRef = 9A2C59AA1D7FB68200BE6EF9 /* QMapSearchKit.framework */; };
		9A2C59B01D80169200BE6EF9 /* SearchResultsController.m in Sources */ = {isa = PBXBuildFile; fileRef = 9A2C59AF1D80169200BE6EF9 /* SearchResultsController.m */; };
		9A3EF49E1D7EB26900376E15 /* main.m in Sources */ = {isa = PBXBuildFile; fileRef = 9A3EF49D1D7EB26900376E15 /* main.m */; };
		9A3EF4A11D7EB26900376E15 /* AppDelegate.m in Sources */ = {isa = PBXBuildFile; fileRef = 9A3EF4A01D7EB26900376E15 /* AppDelegate.m */; };
		9A3EF4A41D7EB26900376E15 /* ViewController.m in Sources */ = {isa = PBXBuildFile; fileRef = 9A3EF4A31D7EB26900376E15 /* ViewController.m */; };
		9A3EF4A71D7EB26900376E15 /* Main.storyboard in Resources */ = {isa = PBXBuildFile; fileRef = 9A3EF4A51D7EB26900376E15 /* Main.storyboard */; };
		9A3EF4A91D7EB26900376E15 /* Assets.xcassets in Resources */ = {isa = PBXBuildFile; fileRef = 9A3EF4A81D7EB26900376E15 /* Assets.xcassets */; };
		9A3EF4AC1D7EB26900376E15 /* LaunchScreen.storyboard in Resources */ = {isa = PBXBuildFile; fileRef = 9A3EF4AA1D7EB26900376E15 /* LaunchScreen.storyboard */; };
		9A3EF4CC1D7ED4C400376E15 /* QMapKit.framework in Frameworks */ = {isa = PBXBuildFile; fileRef = 9A3EF4CB1D7ED4C400376E15 /* QMapKit.framework */; };
		9A3EF4D21D7ED51B00376E15 /* QMapKit.bundle in Resources */ = {isa = PBXBuildFile; fileRef = 9A3EF4D11D7ED51B00376E15 /* QMapKit.bundle */; };
		9A3EF4D41D7ED68300376E15 /* QuartzCore.framework in Frameworks */ = {isa = PBXBuildFile; fileRef = 9A3EF4D31D7ED68300376E15 /* QuartzCore.framework */; };
		9A3EF4D61D7ED68B00376E15 /* CoreLocation.framework in Frameworks */ = {isa = PBXBuildFile; fileRef = 9A3EF4D51D7ED68B00376E15 /* CoreLocation.framework */; };
		9A3EF4D81D7ED69300376E15 /* SystemConfiguration.framework in Frameworks */ = {isa = PBXBuildFile; fileRef = 9A3EF4D71D7ED69300376E15 /* SystemConfiguration.framework */; };
		9A3EF4DA1D7ED69D00376E15 /* libz.tbd in Frameworks */ = {isa = PBXBuildFile; fileRef = 9A3EF4D91D7ED69C00376E15 /* libz.tbd */; };
		9A870DDF1D87A2C100548E24 /* dtz.jpg in Resources */ = {isa = PBXBuildFile; fileRef = 9A870DDE1D87A2C100548E24 /* dtz.jpg */; };
/* End PBXBuildFile section */

/* Begin PBXFileReference section */
		9A23AA5D1D8E45E20077F37E /* MJRefresh */ = {isa = PBXFileReference; lastKnownFileType = folder; name = MJRefresh; path = /Users/cocav/Desktop/WeChatLocationSend/WeChatLocationSend/LocationSend/MJRefresh; sourceTree = "<absolute>"; };
		9A23AA651D8E48ED0077F37E /* MJRefreshAutoFooter.h */ = {isa = PBXFileReference; fileEncoding = 4; lastKnownFileType = sourcecode.c.h; path = MJRefreshAutoFooter.h; sourceTree = "<group>"; };
		9A23AA661D8E48ED0077F37E /* MJRefreshAutoFooter.m */ = {isa = PBXFileReference; fileEncoding = 4; lastKnownFileType = sourcecode.c.objc; path = MJRefreshAutoFooter.m; sourceTree = "<group>"; };
		9A23AA671D8E48ED0077F37E /* MJRefreshBackFooter.h */ = {isa = PBXFileReference; fileEncoding = 4; lastKnownFileType = sourcecode.c.h; path = MJRefreshBackFooter.h; sourceTree = "<group>"; };
		9A23AA681D8E48ED0077F37E /* MJRefreshBackFooter.m */ = {isa = PBXFileReference; fileEncoding = 4; lastKnownFileType = sourcecode.c.objc; path = MJRefreshBackFooter.m; sourceTree = "<group>"; };
		9A23AA691D8E48ED0077F37E /* MJRefreshComponent.h */ = {isa = PBXFileReference; fileEncoding = 4; lastKnownFileType = sourcecode.c.h; path = MJRefreshComponent.h; sourceTree = "<group>"; };
		9A23AA6A1D8E48ED0077F37E /* MJRefreshComponent.m */ = {isa = PBXFileReference; fileEncoding = 4; lastKnownFileType = sourcecode.c.objc; path = MJRefreshComponent.m; sourceTree = "<group>"; };
		9A23AA6B1D8E48ED0077F37E /* MJRefreshFooter.h */ = {isa = PBXFileReference; fileEncoding = 4; lastKnownFileType = sourcecode.c.h; path = MJRefreshFooter.h; sourceTree = "<group>"; };
		9A23AA6C1D8E48ED0077F37E /* MJRefreshFooter.m */ = {isa = PBXFileReference; fileEncoding = 4; lastKnownFileType = sourcecode.c.objc; path = MJRefreshFooter.m; sourceTree = "<group>"; };
		9A23AA6D1D8E48ED0077F37E /* MJRefreshHeader.h */ = {isa = PBXFileReference; fileEncoding = 4; lastKnownFileType = sourcecode.c.h; path = MJRefreshHeader.h; sourceTree = "<group>"; };
		9A23AA6E1D8E48ED0077F37E /* MJRefreshHeader.m */ = {isa = PBXFileReference; fileEncoding = 4; lastKnownFileType = sourcecode.c.objc; path = MJRefreshHeader.m; sourceTree = "<group>"; };
		9A23AA721D8E48ED0077F37E /* MJRefreshAutoGifFooter.h */ = {isa = PBXFileReference; fileEncoding = 4; lastKnownFileType = sourcecode.c.h; path = MJRefreshAutoGifFooter.h; sourceTree = "<group>"; };
		9A23AA731D8E48ED0077F37E /* MJRefreshAutoGifFooter.m */ = {isa = PBXFileReference; fileEncoding = 4; lastKnownFileType = sourcecode.c.objc; path = MJRefreshAutoGifFooter.m; sourceTree = "<group>"; };
		9A23AA741D8E48ED0077F37E /* MJRefreshAutoNormalFooter.h */ = {isa = PBXFileReference; fileEncoding = 4; lastKnownFileType = sourcecode.c.h; path = MJRefreshAutoNormalFooter.h; sourceTree = "<group>"; };
		9A23AA751D8E48ED0077F37E /* MJRefreshAutoNormalFooter.m */ = {isa = PBXFileReference; fileEncoding = 4; lastKnownFileType = sourcecode.c.objc; path = MJRefreshAutoNormalFooter.m; sourceTree = "<group>"; };
		9A23AA761D8E48ED0077F37E /* MJRefreshAutoStateFooter.h */ = {isa = PBXFileReference; fileEncoding = 4; lastKnownFileType = sourcecode.c.h; path = MJRefreshAutoStateFooter.h; sourceTree = "<group>"; };
		9A23AA771D8E48ED0077F37E /* MJRefreshAutoStateFooter.m */ = {isa = PBXFileReference; fileEncoding = 4; lastKnownFileType = sourcecode.c.objc; path = MJRefreshAutoStateFooter.m; sourceTree = "<group>"; };
		9A23AA791D8E48ED0077F37E /* MJRefreshBackGifFooter.h */ = {isa = PBXFileReference; fileEncoding = 4; lastKnownFileType = sourcecode.c.h; path = MJRefreshBackGifFooter.h; sourceTree = "<group>"; };
		9A23AA7A1D8E48ED0077F37E /* MJRefreshBackGifFooter.m */ = {isa = PBXFileReference; fileEncoding = 4; lastKnownFileType = sourcecode.c.objc; path = MJRefreshBackGifFooter.m; sourceTree = "<group>"; };
		9A23AA7B1D8E48ED0077F37E /* MJRefreshBackNormalFooter.h */ = {isa = PBXFileReference; fileEncoding = 4; lastKnownFileType = sourcecode.c.h; path = MJRefreshBackNormalFooter.h; sourceTree = "<group>"; };
		9A23AA7C1D8E48ED0077F37E /* MJRefreshBackNormalFooter.m */ = {isa = PBXFileReference; fileEncoding = 4; lastKnownFileType = sourcecode.c.objc; path = MJRefreshBackNormalFooter.m; sourceTree = "<group>"; };
		9A23AA7D1D8E48ED0077F37E /* MJRefreshBackStateFooter.h */ = {isa = PBXFileReference; fileEncoding = 4; lastKnownFileType = sourcecode.c.h; path = MJRefreshBackStateFooter.h; sourceTree = "<group>"; };
		9A23AA7E1D8E48ED0077F37E /* MJRefreshBackStateFooter.m */ = {isa = PBXFileReference; fileEncoding = 4; lastKnownFileType = sourcecode.c.objc; path = MJRefreshBackStateFooter.m; sourceTree = "<group>"; };
		9A23AA801D8E48ED0077F37E /* MJRefreshGifHeader.h */ = {isa = PBXFileReference; fileEncoding = 4; lastKnownFileType = sourcecode.c.h; path = MJRefreshGifHeader.h; sourceTree = "<group>"; };
		9A23AA811D8E48ED0077F37E /* MJRefreshGifHeader.m */ = {isa = PBXFileReference; fileEncoding = 4; lastKnownFileType = sourcecode.c.objc; path = MJRefreshGifHeader.m; sourceTree = "<group>"; };
		9A23AA821D8E48ED0077F37E /* MJRefreshNormalHeader.h */ = {isa = PBXFileReference; fileEncoding = 4; lastKnownFileType = sourcecode.c.h; path = MJRefreshNormalHeader.h; sourceTree = "<group>"; };
		9A23AA831D8E48ED0077F37E /* MJRefreshNormalHeader.m */ = {isa = PBXFileReference; fileEncoding = 4; lastKnownFileType = sourcecode.c.objc; path = MJRefreshNormalHeader.m; sourceTree = "<group>"; };
		9A23AA841D8E48ED0077F37E /* MJRefreshStateHeader.h */ = {isa = PBXFileReference; fileEncoding = 4; lastKnownFileType = sourcecode.c.h; path = MJRefreshStateHeader.h; sourceTree = "<group>"; };
		9A23AA851D8E48ED0077F37E /* MJRefreshStateHeader.m */ = {isa = PBXFileReference; fileEncoding = 4; lastKnownFileType = sourcecode.c.objc; path = MJRefreshStateHeader.m; sourceTree = "<group>"; };
		9A23AA861D8E48ED0077F37E /* MJRefresh.bundle */ = {isa = PBXFileReference; lastKnownFileType = "wrapper.plug-in"; path = MJRefresh.bundle; sourceTree = "<group>"; };
		9A23AA871D8E48ED0077F37E /* MJRefresh.h */ = {isa = PBXFileReference; fileEncoding = 4; lastKnownFileType = sourcecode.c.h; path = MJRefresh.h; sourceTree = "<group>"; };
		9A23AA881D8E48ED0077F37E /* MJRefreshConst.h */ = {isa = PBXFileReference; fileEncoding = 4; lastKnownFileType = sourcecode.c.h; path = MJRefreshConst.h; sourceTree = "<group>"; };
		9A23AA891D8E48ED0077F37E /* MJRefreshConst.m */ = {isa = PBXFileReference; fileEncoding = 4; lastKnownFileType = sourcecode.c.objc; path = MJRefreshConst.m; sourceTree = "<group>"; };
		9A23AA8A1D8E48ED0077F37E /* UIScrollView+MJExtension.h */ = {isa = PBXFileReference; fileEncoding = 4; lastKnownFileType = sourcecode.c.h; path = "UIScrollView+MJExtension.h"; sourceTree = "<group>"; };
		9A23AA8B1D8E48ED0077F37E /* UIScrollView+MJExtension.m */ = {isa = PBXFileReference; fileEncoding = 4; lastKnownFileType = sourcecode.c.objc; path = "UIScrollView+MJExtension.m"; sourceTree = "<group>"; };
		9A23AA8C1D8E48ED0077F37E /* UIScrollView+MJRefresh.h */ = {isa = PBXFileReference; fileEncoding = 4; lastKnownFileType = sourcecode.c.h; path = "UIScrollView+MJRefresh.h"; sourceTree = "<group>"; };
		9A23AA8D1D8E48ED0077F37E /* UIScrollView+MJRefresh.m */ = {isa = PBXFileReference; fileEncoding = 4; lastKnownFileType = sourcecode.c.objc; path = "UIScrollView+MJRefresh.m"; sourceTree = "<group>"; };
		9A23AA8E1D8E48ED0077F37E /* UIView+MJExtension.h */ = {isa = PBXFileReference; fileEncoding = 4; lastKnownFileType = sourcecode.c.h; path = "UIView+MJExtension.h"; sourceTree = "<group>"; };
		9A23AA8F1D8E48ED0077F37E /* UIView+MJExtension.m */ = {isa = PBXFileReference; fileEncoding = 4; lastKnownFileType = sourcecode.c.objc; path = "UIView+MJExtension.m"; sourceTree = "<group>"; };
		9A2C59AA1D7FB68200BE6EF9 /* QMapSearchKit.framework */ = {isa = PBXFileReference; lastKnownFileType = wrapper.framework; path = QMapSearchKit.framework; sourceTree = "<group>"; };
		9A2C59AE1D80169200BE6EF9 /* SearchResultsController.h */ = {isa = PBXFileReference; fileEncoding = 4; lastKnownFileType = sourcecode.c.h; path = SearchResultsController.h; sourceTree = "<group>"; };
		9A2C59AF1D80169200BE6EF9 /* SearchResultsController.m */ = {isa = PBXFileReference; fileEncoding = 4; lastKnownFileType = sourcecode.c.objc; path = SearchResultsController.m; sourceTree = "<group>"; };
		9A3EF4991D7EB26800376E15 /* LocationSend.app */ = {isa = PBXFileReference; explicitFileType = wrapper.application; includeInIndex = 0; path = LocationSend.app; sourceTree = BUILT_PRODUCTS_DIR; };
		9A3EF49D1D7EB26900376E15 /* main.m */ = {isa = PBXFileReference; lastKnownFileType = sourcecode.c.objc; path = main.m; sourceTree = "<group>"; };
		9A3EF49F1D7EB26900376E15 /* AppDelegate.h */ = {isa = PBXFileReference; lastKnownFileType = sourcecode.c.h; path = AppDelegate.h; sourceTree = "<group>"; };
		9A3EF4A01D7EB26900376E15 /* AppDelegate.m */ = {isa = PBXFileReference; lastKnownFileType = sourcecode.c.objc; path = AppDelegate.m; sourceTree = "<group>"; };
		9A3EF4A21D7EB26900376E15 /* ViewController.h */ = {isa = PBXFileReference; lastKnownFileType = sourcecode.c.h; path = ViewController.h; sourceTree = "<group>"; };
		9A3EF4A31D7EB26900376E15 /* ViewController.m */ = {isa = PBXFileReference; lastKnownFileType = sourcecode.c.objc; path = ViewController.m; sourceTree = "<group>"; };
		9A3EF4A61D7EB26900376E15 /* Base */ = {isa = PBXFileReference; lastKnownFileType = file.storyboard; name = Base; path = Base.lproj/Main.storyboard; sourceTree = "<group>"; };
		9A3EF4A81D7EB26900376E15 /* Assets.xcassets */ = {isa = PBXFileReference; lastKnownFileType = folder.assetcatalog; path = Assets.xcassets; sourceTree = "<group>"; };
		9A3EF4AB1D7EB26900376E15 /* Base */ = {isa = PBXFileReference; lastKnownFileType = file.storyboard; name = Base; path = Base.lproj/LaunchScreen.storyboard; sourceTree = "<group>"; };
		9A3EF4AD1D7EB26900376E15 /* Info.plist */ = {isa = PBXFileReference; lastKnownFileType = text.plist.xml; path = Info.plist; sourceTree = "<group>"; };
		9A3EF4CB1D7ED4C400376E15 /* QMapKit.framework */ = {isa = PBXFileReference; lastKnownFileType = wrapper.framework; path = QMapKit.framework; sourceTree = "<group>"; };
		9A3EF4D11D7ED51B00376E15 /* QMapKit.bundle */ = {isa = PBXFileReference; lastKnownFileType = "wrapper.plug-in"; path = QMapKit.bundle; sourceTree = "<group>"; };
		9A3EF4D31D7ED68300376E15 /* QuartzCore.framework */ = {isa = PBXFileReference; lastKnownFileType = wrapper.framework; name = QuartzCore.framework; path = System/Library/Frameworks/QuartzCore.framework; sourceTree = SDKROOT; };
		9A3EF4D51D7ED68B00376E15 /* CoreLocation.framework */ = {isa = PBXFileReference; lastKnownFileType = wrapper.framework; name = CoreLocation.framework; path = System/Library/Frameworks/CoreLocation.framework; sourceTree = SDKROOT; };
		9A3EF4D71D7ED69300376E15 /* SystemConfiguration.framework */ = {isa = PBXFileReference; lastKnownFileType = wrapper.framework; name = SystemConfiguration.framework; path = System/Library/Frameworks/SystemConfiguration.framework; sourceTree = SDKROOT; };
		9A3EF4D91D7ED69C00376E15 /* libz.tbd */ = {isa = PBXFileReference; lastKnownFileType = "sourcecode.text-based-dylib-definition"; name = libz.tbd; path = usr/lib/libz.tbd; sourceTree = SDKROOT; };
		9A870DDE1D87A2C100548E24 /* dtz.jpg */ = {isa = PBXFileReference; lastKnownFileType = image.jpeg; path = dtz.jpg; sourceTree = "<group>"; };
/* End PBXFileReference section */

/* Begin PBXFrameworksBuildPhase section */
		9A3EF4961D7EB26800376E15 /* Frameworks */ = {
			isa = PBXFrameworksBuildPhase;
			buildActionMask = 2147483647;
			files = (
				9A3EF4DA1D7ED69D00376E15 /* libz.tbd in Frameworks */,
				9A3EF4D81D7ED69300376E15 /* SystemConfiguration.framework in Frameworks */,
				9A2C59AB1D7FB68200BE6EF9 /* QMapSearchKit.framework in Frameworks */,
				9A3EF4D61D7ED68B00376E15 /* CoreLocation.framework in Frameworks */,
				9A3EF4D41D7ED68300376E15 /* QuartzCore.framework in Frameworks */,
				9A3EF4CC1D7ED4C400376E15 /* QMapKit.framework in Frameworks */,
			);
			runOnlyForDeploymentPostprocessing = 0;
		};
/* End PBXFrameworksBuildPhase section */

/* Begin PBXGroup section */
		9A23AA631D8E48ED0077F37E /* MJRefresh */ = {
			isa = PBXGroup;
			children = (
				9A23AA641D8E48ED0077F37E /* Base */,
				9A23AA6F1D8E48ED0077F37E /* Custom */,
				9A23AA861D8E48ED0077F37E /* MJRefresh.bundle */,
				9A23AA871D8E48ED0077F37E /* MJRefresh.h */,
				9A23AA881D8E48ED0077F37E /* MJRefreshConst.h */,
				9A23AA891D8E48ED0077F37E /* MJRefreshConst.m */,
				9A23AA8A1D8E48ED0077F37E /* UIScrollView+MJExtension.h */,
				9A23AA8B1D8E48ED0077F37E /* UIScrollView+MJExtension.m */,
				9A23AA8C1D8E48ED0077F37E /* UIScrollView+MJRefresh.h */,
				9A23AA8D1D8E48ED0077F37E /* UIScrollView+MJRefresh.m */,
				9A23AA8E1D8E48ED0077F37E /* UIView+MJExtension.h */,
				9A23AA8F1D8E48ED0077F37E /* UIView+MJExtension.m */,
			);
			path = MJRefresh;
			sourceTree = "<group>";
		};
		9A23AA641D8E48ED0077F37E /* Base */ = {
			isa = PBXGroup;
			children = (
				9A23AA651D8E48ED0077F37E /* MJRefreshAutoFooter.h */,
				9A23AA661D8E48ED0077F37E /* MJRefreshAutoFooter.m */,
				9A23AA671D8E48ED0077F37E /* MJRefreshBackFooter.h */,
				9A23AA681D8E48ED0077F37E /* MJRefreshBackFooter.m */,
				9A23AA691D8E48ED0077F37E /* MJRefreshComponent.h */,
				9A23AA6A1D8E48ED0077F37E /* MJRefreshComponent.m */,
				9A23AA6B1D8E48ED0077F37E /* MJRefreshFooter.h */,
				9A23AA6C1D8E48ED0077F37E /* MJRefreshFooter.m */,
				9A23AA6D1D8E48ED0077F37E /* MJRefreshHeader.h */,
				9A23AA6E1D8E48ED0077F37E /* MJRefreshHeader.m */,
			);
			path = Base;
			sourceTree = "<group>";
		};
		9A23AA6F1D8E48ED0077F37E /* Custom */ = {
			isa = PBXGroup;
			children = (
				9A23AA701D8E48ED0077F37E /* Footer */,
				9A23AA7F1D8E48ED0077F37E /* Header */,
			);
			path = Custom;
			sourceTree = "<group>";
		};
		9A23AA701D8E48ED0077F37E /* Footer */ = {
			isa = PBXGroup;
			children = (
				9A23AA711D8E48ED0077F37E /* Auto */,
				9A23AA781D8E48ED0077F37E /* Back */,
			);
			path = Footer;
			sourceTree = "<group>";
		};
		9A23AA711D8E48ED0077F37E /* Auto */ = {
			isa = PBXGroup;
			children = (
				9A23AA721D8E48ED0077F37E /* MJRefreshAutoGifFooter.h */,
				9A23AA731D8E48ED0077F37E /* MJRefreshAutoGifFooter.m */,
				9A23AA741D8E48ED0077F37E /* MJRefreshAutoNormalFooter.h */,
				9A23AA751D8E48ED0077F37E /* MJRefreshAutoNormalFooter.m */,
				9A23AA761D8E48ED0077F37E /* MJRefreshAutoStateFooter.h */,
				9A23AA771D8E48ED0077F37E /* MJRefreshAutoStateFooter.m */,
			);
			path = Auto;
			sourceTree = "<group>";
		};
		9A23AA781D8E48ED0077F37E /* Back */ = {
			isa = PBXGroup;
			children = (
				9A23AA791D8E48ED0077F37E /* MJRefreshBackGifFooter.h */,
				9A23AA7A1D8E48ED0077F37E /* MJRefreshBackGifFooter.m */,
				9A23AA7B1D8E48ED0077F37E /* MJRefreshBackNormalFooter.h */,
				9A23AA7C1D8E48ED0077F37E /* MJRefreshBackNormalFooter.m */,
				9A23AA7D1D8E48ED0077F37E /* MJRefreshBackStateFooter.h */,
				9A23AA7E1D8E48ED0077F37E /* MJRefreshBackStateFooter.m */,
			);
			path = Back;
			sourceTree = "<group>";
		};
		9A23AA7F1D8E48ED0077F37E /* Header */ = {
			isa = PBXGroup;
			children = (
				9A23AA801D8E48ED0077F37E /* MJRefreshGifHeader.h */,
				9A23AA811D8E48ED0077F37E /* MJRefreshGifHeader.m */,
				9A23AA821D8E48ED0077F37E /* MJRefreshNormalHeader.h */,
				9A23AA831D8E48ED0077F37E /* MJRefreshNormalHeader.m */,
				9A23AA841D8E48ED0077F37E /* MJRefreshStateHeader.h */,
				9A23AA851D8E48ED0077F37E /* MJRefreshStateHeader.m */,
			);
			path = Header;
			sourceTree = "<group>";
		};
		9A3EF4901D7EB26800376E15 = {
			isa = PBXGroup;
			children = (
				9A23AA631D8E48ED0077F37E /* MJRefresh */,
				9A870DDE1D87A2C100548E24 /* dtz.jpg */,
				9A3EF4D91D7ED69C00376E15 /* libz.tbd */,
				9A3EF4D71D7ED69300376E15 /* SystemConfiguration.framework */,
				9A3EF4D51D7ED68B00376E15 /* CoreLocation.framework */,
				9A3EF4D31D7ED68300376E15 /* QuartzCore.framework */,
				9A3EF4D01D7ED51B00376E15 /* Resources */,
				9A3EF49B1D7EB26900376E15 /* LocationSend */,
				9A3EF49A1D7EB26800376E15 /* Products */,
			);
			sourceTree = "<group>";
		};
		9A3EF49A1D7EB26800376E15 /* Products */ = {
			isa = PBXGroup;
			children = (
				9A3EF4991D7EB26800376E15 /* LocationSend.app */,
			);
			name = Products;
			sourceTree = "<group>";
		};
		9A3EF49B1D7EB26900376E15 /* LocationSend */ = {
			isa = PBXGroup;
			children = (
				9A2C59AA1D7FB68200BE6EF9 /* QMapSearchKit.framework */,
				9A3EF4CB1D7ED4C400376E15 /* QMapKit.framework */,
				9A3EF49F1D7EB26900376E15 /* AppDelegate.h */,
				9A3EF4A01D7EB26900376E15 /* AppDelegate.m */,
				9A3EF4A21D7EB26900376E15 /* ViewController.h */,
				9A3EF4A31D7EB26900376E15 /* ViewController.m */,
				9A2C59AE1D80169200BE6EF9 /* SearchResultsController.h */,
				9A2C59AF1D80169200BE6EF9 /* SearchResultsController.m */,
				9A3EF4A51D7EB26900376E15 /* Main.storyboard */,
				9A3EF4A81D7EB26900376E15 /* Assets.xcassets */,
				9A3EF4AA1D7EB26900376E15 /* LaunchScreen.storyboard */,
				9A3EF4AD1D7EB26900376E15 /* Info.plist */,
				9A3EF49C1D7EB26900376E15 /* Supporting Files */,
			);
			path = LocationSend;
			sourceTree = "<group>";
		};
		9A3EF49C1D7EB26900376E15 /* Supporting Files */ = {
			isa = PBXGroup;
			children = (
				9A3EF49D1D7EB26900376E15 /* main.m */,
			);
			name = "Supporting Files";
			sourceTree = "<group>";
		};
		9A3EF4D01D7ED51B00376E15 /* Resources */ = {
			isa = PBXGroup;
			children = (
				9A3EF4D11D7ED51B00376E15 /* QMapKit.bundle */,
			);
			name = Resources;
			path = LocationSend/QMapKit.framework/Versions/1.2.4/Resources;
			sourceTree = "<group>";
		};
/* End PBXGroup section */

/* Begin PBXNativeTarget section */
		9A3EF4981D7EB26800376E15 /* LocationSend */ = {
			isa = PBXNativeTarget;
			buildConfigurationList = 9A3EF4B01D7EB26900376E15 /* Build configuration list for PBXNativeTarget "LocationSend" */;
			buildPhases = (
				9A3EF4951D7EB26800376E15 /* Sources */,
				9A3EF4961D7EB26800376E15 /* Frameworks */,
				9A3EF4971D7EB26800376E15 /* Resources */,
			);
			buildRules = (
			);
			dependencies = (
			);
			name = LocationSend;
			productName = LocationSend;
			productReference = 9A3EF4991D7EB26800376E15 /* LocationSend.app */;
			productType = "com.apple.product-type.application";
		};
/* End PBXNativeTarget section */

/* Begin PBXProject section */
		9A3EF4911D7EB26800376E15 /* Project object */ = {
			isa = PBXProject;
			attributes = {
				LastUpgradeCheck = 0730;
				ORGANIZATIONNAME = Cocav;
				TargetAttributes = {
					9A3EF4981D7EB26800376E15 = {
						CreatedOnToolsVersion = 7.3.1;
						DevelopmentTeam = 9ZL2LCLWLH;
					};
				};
			};
			buildConfigurationList = 9A3EF4941D7EB26800376E15 /* Build configuration list for PBXProject "LocationSend" */;
			compatibilityVersion = "Xcode 3.2";
			developmentRegion = English;
			hasScannedForEncodings = 0;
			knownRegions = (
				en,
				Base,
			);
			mainGroup = 9A3EF4901D7EB26800376E15;
			productRefGroup = 9A3EF49A1D7EB26800376E15 /* Products */;
			projectDirPath = "";
			projectRoot = "";
			targets = (
				9A3EF4981D7EB26800376E15 /* LocationSend */,
			);
		};
/* End PBXProject section */

/* Begin PBXResourcesBuildPhase section */
		9A3EF4971D7EB26800376E15 /* Resources */ = {
			isa = PBXResourcesBuildPhase;
			buildActionMask = 2147483647;
			files = (
				9A3EF4AC1D7EB26900376E15 /* LaunchScreen.storyboard in Resources */,
				9A23AA5E1D8E45E20077F37E /* MJRefresh in Resources */,
				9A23AA9E1D8E48ED0077F37E /* MJRefresh.bundle in Resources */,
				9A3EF4D21D7ED51B00376E15 /* QMapKit.bundle in Resources */,
				9A870DDF1D87A2C100548E24 /* dtz.jpg in Resources */,
				9A3EF4A91D7EB26900376E15 /* Assets.xcassets in Resources */,
				9A3EF4A71D7EB26900376E15 /* Main.storyboard in Resources */,
			);
			runOnlyForDeploymentPostprocessing = 0;
		};
/* End PBXResourcesBuildPhase section */

/* Begin PBXSourcesBuildPhase section */
		9A3EF4951D7EB26800376E15 /* Sources */ = {
			isa = PBXSourcesBuildPhase;
			buildActionMask = 2147483647;
			files = (
				9A23AA961D8E48ED0077F37E /* MJRefreshAutoNormalFooter.m in Sources */,
				9A23AA991D8E48ED0077F37E /* MJRefreshBackNormalFooter.m in Sources */,
				9A23AA911D8E48ED0077F37E /* MJRefreshBackFooter.m in Sources */,
				9A23AA9F1D8E48ED0077F37E /* MJRefreshConst.m in Sources */,
				9A23AAA01D8E48ED0077F37E /* UIScrollView+MJExtension.m in Sources */,
				9A23AA931D8E48ED0077F37E /* MJRefreshFooter.m in Sources */,
				9A23AA9B1D8E48ED0077F37E /* MJRefreshGifHeader.m in Sources */,
				9A23AA901D8E48ED0077F37E /* MJRefreshAutoFooter.m in Sources */,
				9A2C59B01D80169200BE6EF9 /* SearchResultsController.m in Sources */,
				9A23AAA21D8E48ED0077F37E /* UIView+MJExtension.m in Sources */,
				9A23AA941D8E48ED0077F37E /* MJRefreshHeader.m in Sources */,
				9A23AA981D8E48ED0077F37E /* MJRefreshBackGifFooter.m in Sources */,
				9A23AAA11D8E48ED0077F37E /* UIScrollView+MJRefresh.m in Sources */,
				9A3EF4A41D7EB26900376E15 /* ViewController.m in Sources */,
				9A23AA921D8E48ED0077F37E /* MJRefreshComponent.m in Sources */,
				9A23AA971D8E48ED0077F37E /* MJRefreshAutoStateFooter.m in Sources */,
				9A23AA9C1D8E48ED0077F37E /* MJRefreshNormalHeader.m in Sources */,
				9A23AA9D1D8E48ED0077F37E /* MJRefreshStateHeader.m in Sources */,
				9A23AA9A1D8E48ED0077F37E /* MJRefreshBackStateFooter.m in Sources */,
				9A23AA951D8E48ED0077F37E /* MJRefreshAutoGifFooter.m in Sources */,
				9A3EF4A11D7EB26900376E15 /* AppDelegate.m in Sources */,
				9A3EF49E1D7EB26900376E15 /* main.m in Sources */,
			);
			runOnlyForDeploymentPostprocessing = 0;
		};
/* End PBXSourcesBuildPhase section */

/* Begin PBXVariantGroup section */
		9A3EF4A51D7EB26900376E15 /* Main.storyboard */ = {
			isa = PBXVariantGroup;
			children = (
				9A3EF4A61D7EB26900376E15 /* Base */,
			);
			name = Main.storyboard;
			sourceTree = "<group>";
		};
		9A3EF4AA1D7EB26900376E15 /* LaunchScreen.storyboard */ = {
			isa = PBXVariantGroup;
			children = (
				9A3EF4AB1D7EB26900376E15 /* Base */,
			);
			name = LaunchScreen.storyboard;
			sourceTree = "<group>";
		};
/* End PBXVariantGroup section */

/* Begin XCBuildConfiguration section */
		9A3EF4AE1D7EB26900376E15 /* Debug */ = {
			isa = XCBuildConfiguration;
			buildSettings = {
				ALWAYS_SEARCH_USER_PATHS = NO;
				CLANG_ANALYZER_NONNULL = YES;
				CLANG_CXX_LANGUAGE_STANDARD = "gnu++0x";
				CLANG_CXX_LIBRARY = "libc++";
				CLANG_ENABLE_MODULES = YES;
				CLANG_ENABLE_OBJC_ARC = YES;
				CLANG_WARN_BOOL_CONVERSION = YES;
				CLANG_WARN_CONSTANT_CONVERSION = YES;
				CLANG_WARN_DIRECT_OBJC_ISA_USAGE = YES_ERROR;
				CLANG_WARN_EMPTY_BODY = YES;
				CLANG_WARN_ENUM_CONVERSION = YES;
				CLANG_WARN_INT_CONVERSION = YES;
				CLANG_WARN_OBJC_ROOT_CLASS = YES_ERROR;
				CLANG_WARN_UNREACHABLE_CODE = YES;
				CLANG_WARN__DUPLICATE_METHOD_MATCH = YES;
				"CODE_SIGN_IDENTITY[sdk=iphoneos*]" = "iPhone Developer";
				COPY_PHASE_STRIP = NO;
				DEBUG_INFORMATION_FORMAT = dwarf;
				ENABLE_STRICT_OBJC_MSGSEND = YES;
				ENABLE_TESTABILITY = YES;
				GCC_C_LANGUAGE_STANDARD = gnu99;
				GCC_DYNAMIC_NO_PIC = NO;
				GCC_NO_COMMON_BLOCKS = YES;
				GCC_OPTIMIZATION_LEVEL = 0;
				GCC_PREPROCESSOR_DEFINITIONS = (
					"DEBUG=1",
					"$(inherited)",
				);
				GCC_WARN_64_TO_32_BIT_CONVERSION = YES;
				GCC_WARN_ABOUT_RETURN_TYPE = YES_ERROR;
				GCC_WARN_UNDECLARED_SELECTOR = YES;
				GCC_WARN_UNINITIALIZED_AUTOS = YES_AGGRESSIVE;
				GCC_WARN_UNUSED_FUNCTION = YES;
				GCC_WARN_UNUSED_VARIABLE = YES;
				IPHONEOS_DEPLOYMENT_TARGET = 9.3;
				MTL_ENABLE_DEBUG_INFO = YES;
				ONLY_ACTIVE_ARCH = YES;
				SDKROOT = iphoneos;
			};
			name = Debug;
		};
		9A3EF4AF1D7EB26900376E15 /* Release */ = {
			isa = XCBuildConfiguration;
			buildSettings = {
				ALWAYS_SEARCH_USER_PATHS = NO;
				CLANG_ANALYZER_NONNULL = YES;
				CLANG_CXX_LANGUAGE_STANDARD = "gnu++0x";
				CLANG_CXX_LIBRARY = "libc++";
				CLANG_ENABLE_MODULES = YES;
				CLANG_ENABLE_OBJC_ARC = YES;
				CLANG_WARN_BOOL_CONVERSION = YES;
				CLANG_WARN_CONSTANT_CONVERSION = YES;
				CLANG_WARN_DIRECT_OBJC_ISA_USAGE = YES_ERROR;
				CLANG_WARN_EMPTY_BODY = YES;
				CLANG_WARN_ENUM_CONVERSION = YES;
				CLANG_WARN_INT_CONVERSION = YES;
				CLANG_WARN_OBJC_ROOT_CLASS = YES_ERROR;
				CLANG_WARN_UNREACHABLE_CODE = YES;
				CLANG_WARN__DUPLICATE_METHOD_MATCH = YES;
				"CODE_SIGN_IDENTITY[sdk=iphoneos*]" = "iPhone Developer";
				COPY_PHASE_STRIP = NO;
				DEBUG_INFORMATION_FORMAT = "dwarf-with-dsym";
				ENABLE_NS_ASSERTIONS = NO;
				ENABLE_STRICT_OBJC_MSGSEND = YES;
				GCC_C_LANGUAGE_STANDARD = gnu99;
				GCC_NO_COMMON_BLOCKS = YES;
				GCC_WARN_64_TO_32_BIT_CONVERSION = YES;
				GCC_WARN_ABOUT_RETURN_TYPE = YES_ERROR;
				GCC_WARN_UNDECLARED_SELECTOR = YES;
				GCC_WARN_UNINITIALIZED_AUTOS = YES_AGGRESSIVE;
				GCC_WARN_UNUSED_FUNCTION = YES;
				GCC_WARN_UNUSED_VARIABLE = YES;
				IPHONEOS_DEPLOYMENT_TARGET = 9.3;
				MTL_ENABLE_DEBUG_INFO = NO;
				SDKROOT = iphoneos;
				VALIDATE_PRODUCT = YES;
			};
			name = Release;
		};
		9A3EF4B11D7EB26900376E15 /* Debug */ = {
			isa = XCBuildConfiguration;
			buildSettings = {
				ASSETCATALOG_COMPILER_APPICON_NAME = AppIcon;
				CODE_SIGN_IDENTITY = "iPhone Developer";
				ENABLE_BITCODE = NO;
				FRAMEWORK_SEARCH_PATHS = (
					"$(inherited)",
					"$(PROJECT_DIR)/LocationSend",
				);
				INFOPLIST_FILE = LocationSend/Info.plist;
				IPHONEOS_DEPLOYMENT_TARGET = 8.0;
				LD_RUNPATH_SEARCH_PATHS = "$(inherited) @executable_path/Frameworks";
				OTHER_LDFLAGS = "-ObjC";
				PRODUCT_BUNDLE_IDENTIFIER = com.cocav.LocationSend;
				PRODUCT_NAME = "$(TARGET_NAME)";
				USER_HEADER_SEARCH_PATHS = "$(SRCROOT)/**";
			};
			name = Debug;
		};
		9A3EF4B21D7EB26900376E15 /* Release */ = {
			isa = XCBuildConfiguration;
			buildSettings = {
				ASSETCATALOG_COMPILER_APPICON_NAME = AppIcon;
				CODE_SIGN_IDENTITY = "iPhone Developer";
				ENABLE_BITCODE = NO;
				FRAMEWORK_SEARCH_PATHS = (
					"$(inherited)",
					"$(PROJECT_DIR)/LocationSend",
				);
				INFOPLIST_FILE = LocationSend/Info.plist;
				IPHONEOS_DEPLOYMENT_TARGET = 8.0;
				LD_RUNPATH_SEARCH_PATHS = "$(inherited) @executable_path/Frameworks";
				OTHER_LDFLAGS = "-ObjC";
				PRODUCT_BUNDLE_IDENTIFIER = com.cocav.LocationSend;
				PRODUCT_NAME = "$(TARGET_NAME)";
				USER_HEADER_SEARCH_PATHS = "$(SRCROOT)/**";
			};
			name = Release;
		};
/* End XCBuildConfiguration section */

/* Begin XCConfigurationList section */
		9A3EF4941D7EB26800376E15 /* Build configuration list for PBXProject "LocationSend" */ = {
			isa = XCConfigurationList;
			buildConfigurations = (
				9A3EF4AE1D7EB26900376E15 /* Debug */,
				9A3EF4AF1D7EB26900376E15 /* Release */,
			);
			defaultConfigurationIsVisible = 0;
			defaultConfigurationName = Release;
		};
		9A3EF4B01D7EB26900376E15 /* Build configuration list for PBXNativeTarget "LocationSend" */ = {
			isa = XCConfigurationList;
			buildConfigurations = (
				9A3EF4B11D7EB26900376E15 /* Debug */,
				9A3EF4B21D7EB26900376E15 /* Release */,
			);
			defaultConfigurationIsVisible = 0;
			defaultConfigurationName = Release;
		};
/* End XCConfigurationList section */
	};
	rootObject = 9A3EF4911D7EB26800376E15 /* Project object */;
}
